
Microsoft Visual Studio Solution File, Format Version 12.00
# Visual Studio Version 16
VisualStudioVersion = 16.0.29021.104
MinimumVisualStudioVersion = 10.0.40219.1
Project("{9A19103F-16F7-4668-BE54-9A1E7A4F7556}") = "ModelManager", "ModelManager\ModelManager.csproj", "{4EBD62A4-BAF8-442D-8A53-2DA732C87F9E}"
EndProject
Project("{9A19103F-16F7-4668-BE54-9A1E7A4F7556}") = "Models", "Models\Models.csproj", "{CCD558EC-A025-4032-8BBC-5181566DEB79}"
EndProject
Project("{9A19103F-16F7-4668-BE54-9A1E7A4F7556}") = "Manager", "Manager\Manager.csproj", "{B61D4A02-68A6-426A-8119-FA118D9E5AC2}"
EndProject
Global
	GlobalSection(SolutionConfigurationPlatforms) = preSolution
		Debug|Any CPU = Debug|Any CPU
		Release|Any CPU = Release|Any CPU
	EndGlobalSection
	GlobalSection(ProjectConfigurationPlatforms) = postSolution
		{4EBD62A4-BAF8-442D-8A53-2DA732C87F9E}.Debug|Any CPU.ActiveCfg = Debug|Any CPU
		{4EBD62A4-BAF8-442D-8A53-2DA732C87F9E}.Debug|Any CPU.Build.0 = Debug|Any CPU
		{4EBD62A4-BAF8-442D-8A53-2DA732C87F9E}.Release|Any CPU.ActiveCfg = Release|Any CPU
		{4EBD62A4-BAF8-442D-8A53-2DA732C87F9E}.Release|Any CPU.Build.0 = Release|Any CPU
		{CCD558EC-A025-4032-8BBC-5181566DEB79}.Debug|Any CPU.ActiveCfg = Debug|Any CPU
		{CCD558EC-A025-4032-8BBC-5181566DEB79}.Debug|Any CPU.Build.0 = Debug|Any CPU
		{CCD558EC-A025-4032-8BBC-5181566DEB79}.Release|Any CPU.ActiveCfg = Release|Any CPU
		{CCD558EC-A025-4032-8BBC-5181566DEB79}.Release|Any CPU.Build.0 = Release|Any CPU
		{B61D4A02-68A6-426A-8119-FA118D9E5AC2}.Debug|Any CPU.ActiveCfg = Debug|Any CPU
		{B61D4A02-68A6-426A-8119-FA118D9E5AC2}.Debug|Any CPU.Build.0 = Debug|Any CPU
		{B61D4A02-68A6-426A-8119-FA118D9E5AC2}.Release|Any CPU.ActiveCfg = Release|Any CPU
		{B61D4A02-68A6-426A-8119-FA118D9E5AC2}.Release|Any CPU.Build.0 = Release|Any CPU
	EndGlobalSection
	GlobalSection(SolutionProperties) = preSolution
		HideSolutionNode = FALSE
	EndGlobalSection
	GlobalSection(ExtensibilityGlobals) = postSolution
		SolutionGuid = {DA5A9732-5F20-4C74-B961-01FFDF343B4F}
	EndGlobalSection
EndGlobal
